
Microsoft Visual Studio Solution File, Format Version 12.00
# Visual Studio 15
VisualStudioVersion = 15.0.27004.2009
MinimumVisualStudioVersion = 10.0.40219.1
Project("{8BC9CEB8-8B4A-11D0-8D11-00A0C91BC942}") = "Lesson_4", "Lesson_4\Lesson_4.vcxproj", "{34FEA4E0-1522-4122-8522-70538E6CBF32}"
EndProject
Global
	GlobalSection(SolutionConfigurationPlatforms) = preSolution
		Debug|x64 = Debug|x64
		Debug|x86 = Debug|x86
		Release|x64 = Release|x64
		Release|x86 = Release|x86
	EndGlobalSection
	GlobalSection(ProjectConfigurationPlatforms) = postSolution
		{34FEA4E0-1522-4122-8522-70538E6CBF32}.Debug|x64.ActiveCfg = Debug|x64
		{34FEA4E0-1522-4122-8522-70538E6CBF32}.Debug|x64.Build.0 = Debug|x64
		{34FEA4E0-1522-4122-8522-70538E6CBF32}.Debug|x86.ActiveCfg = Debug|Win32
		{34FEA4E0-1522-4122-8522-70538E6CBF32}.Debug|x86.Build.0 = Debug|Win32
		{34FEA4E0-1522-4122-8522-70538E6CBF32}.Release|x64.ActiveCfg = Release|x64
		{34FEA4E0-1522-4122-8522-70538E6CBF32}.Release|x64.Build.0 = Release|x64
		{34FEA4E0-1522-4122-8522-70538E6CBF32}.Release|x86.ActiveCfg = Release|Win32
		{34FEA4E0-1522-4122-8522-70538E6CBF32}.Release|x86.Build.0 = Release|Win32
	EndGlobalSection
	GlobalSection(SolutionProperties) = preSolution
		HideSolutionNode = FALSE
	EndGlobalSection
	GlobalSection(ExtensibilityGlobals) = postSolution
		SolutionGuid = {EA2CE350-499C-4383-9B39-5EB0A7104730}
	EndGlobalSection
EndGlobal
