
Microsoft Visual Studio Solution File, Format Version 12.00
# Visual Studio 15
VisualStudioVersion = 15.0.27703.2035
MinimumVisualStudioVersion = 10.0.40219.1
Project("{8BC9CEB8-8B4A-11D0-8D11-00A0C91BC942}") = "Lesson_12", "Lesson_12\Lesson_12.vcxproj", "{0ED5A110-3724-4AD1-8530-D3BB89286DB4}"
EndProject
Global
	GlobalSection(SolutionConfigurationPlatforms) = preSolution
		Debug|x64 = Debug|x64
		Debug|x86 = Debug|x86
		Release|x64 = Release|x64
		Release|x86 = Release|x86
	EndGlobalSection
	GlobalSection(ProjectConfigurationPlatforms) = postSolution
		{0ED5A110-3724-4AD1-8530-D3BB89286DB4}.Debug|x64.ActiveCfg = Debug|x64
		{0ED5A110-3724-4AD1-8530-D3BB89286DB4}.Debug|x64.Build.0 = Debug|x64
		{0ED5A110-3724-4AD1-8530-D3BB89286DB4}.Debug|x86.ActiveCfg = Debug|Win32
		{0ED5A110-3724-4AD1-8530-D3BB89286DB4}.Debug|x86.Build.0 = Debug|Win32
		{0ED5A110-3724-4AD1-8530-D3BB89286DB4}.Release|x64.ActiveCfg = Release|x64
		{0ED5A110-3724-4AD1-8530-D3BB89286DB4}.Release|x64.Build.0 = Release|x64
		{0ED5A110-3724-4AD1-8530-D3BB89286DB4}.Release|x86.ActiveCfg = Release|Win32
		{0ED5A110-3724-4AD1-8530-D3BB89286DB4}.Release|x86.Build.0 = Release|Win32
	EndGlobalSection
	GlobalSection(SolutionProperties) = preSolution
		HideSolutionNode = FALSE
	EndGlobalSection
	GlobalSection(ExtensibilityGlobals) = postSolution
		SolutionGuid = {1E80723E-14A3-4930-A14A-FF7B53156E06}
	EndGlobalSection
EndGlobal
